# @generated - this file is auto-generated by `mise lock` https://mise.jdx.dev/dev-tools/mise-lock.html

lockfile_version = 2

[[tools."aqua:rustsec/rustsec/cargo-audit"]]
version = "0.22.2"
backend = "aqua:rustsec/rustsec/cargo-audit"
specifiers = ["0.22.2"]

[tools."aqua:rustsec/rustsec/cargo-audit"."platforms.linux-arm64"]
checksum = "sha256:c6603814ddaa45e51263dafd31c0ac98808f688d26f7395804f9670b0fd599dd"
url = "https://github.com/rustsec/rustsec/releases/download/cargo-audit/v0.22.2/cargo-audit-aarch64-unknown-linux-gnu-v0.22.2.tgz"
url_api = "https://api.github.com/repos/rustsec/rustsec/releases/assets/439292355"

[tools."aqua:rustsec/rustsec/cargo-audit"."platforms.linux-x64"]
checksum = "sha256:ab28a1bdb54db4d5d8ad5981cf1f959410370b3d28250dbd35f6a44248620e39"
url = "https://github.com/rustsec/rustsec/releases/download/cargo-audit/v0.22.2/cargo-audit-x86_64-unknown-linux-gnu-v0.22.2.tgz"
url_api = "https://api.github.com/repos/rustsec/rustsec/releases/assets/439291614"

[[tools."cargo:cargo-audit"]]
version = "0.22.2"
backend = "cargo:cargo-audit"
specifiers = ["0.22.2"]

[tools."cargo:cargo-audit".options]
locked = "true"
